
Microsoft Visual Studio Solution File, Format Version 12.00
# Visual Studio Version 17
VisualStudioVersion = 17.0.31903.59
MinimumVisualStudioVersion = 10.0.40219.1
Project("{2150E333-8FDC-42A3-9474-1A3956D46DE8}") = "src", "src", "{DB4F3A0D-D93B-492C-B76B-A13A215F0E75}"
EndProject
Project("{FAE04EC0-301F-11D3-BF4B-00C04F79EFBC}") = "Btd6Localizer", "src\Btd6Localizer\Btd6Localizer.csproj", "{D928E8B1-B454-4D8C-88C3-53A9ED55C86A}"
EndProject
Project("{2150E333-8FDC-42A3-9474-1A3956D46DE8}") = "tests", "tests", "{FFED51E1-6C7D-46D0-88FF-5090FB7ED6EC}"
EndProject
Project("{FAE04EC0-301F-11D3-BF4B-00C04F79EFBC}") = "Btd6Localizer.Tests", "tests\Btd6Localizer.Tests\Btd6Localizer.Tests.csproj", "{4DA05B9F-C2F8-4BD3-9F8A-FE1C99A2FEC7}"
EndProject
Global
	GlobalSection(SolutionConfigurationPlatforms) = preSolution
		Debug|Any CPU = Debug|Any CPU
		Release|Any CPU = Release|Any CPU
	EndGlobalSection
	GlobalSection(SolutionProperties) = preSolution
		HideSolutionNode = FALSE
	EndGlobalSection
	GlobalSection(ProjectConfigurationPlatforms) = postSolution
		{D928E8B1-B454-4D8C-88C3-53A9ED55C86A}.Debug|Any CPU.ActiveCfg = Debug|Any CPU
		{D928E8B1-B454-4D8C-88C3-53A9ED55C86A}.Debug|Any CPU.Build.0 = Debug|Any CPU
		{D928E8B1-B454-4D8C-88C3-53A9ED55C86A}.Release|Any CPU.ActiveCfg = Release|Any CPU
		{D928E8B1-B454-4D8C-88C3-53A9ED55C86A}.Release|Any CPU.Build.0 = Release|Any CPU
		{4DA05B9F-C2F8-4BD3-9F8A-FE1C99A2FEC7}.Debug|Any CPU.ActiveCfg = Debug|Any CPU
		{4DA05B9F-C2F8-4BD3-9F8A-FE1C99A2FEC7}.Debug|Any CPU.Build.0 = Debug|Any CPU
		{4DA05B9F-C2F8-4BD3-9F8A-FE1C99A2FEC7}.Release|Any CPU.ActiveCfg = Release|Any CPU
		{4DA05B9F-C2F8-4BD3-9F8A-FE1C99A2FEC7}.Release|Any CPU.Build.0 = Release|Any CPU
	EndGlobalSection
	GlobalSection(NestedProjects) = preSolution
		{D928E8B1-B454-4D8C-88C3-53A9ED55C86A} = {DB4F3A0D-D93B-492C-B76B-A13A215F0E75}
		{4DA05B9F-C2F8-4BD3-9F8A-FE1C99A2FEC7} = {FFED51E1-6C7D-46D0-88FF-5090FB7ED6EC}
	EndGlobalSection
EndGlobal
